
Microsoft Visual Studio Solution File, Format Version 12.00
# Visual Studio 14
VisualStudioVersion = 14.0.25420.1
MinimumVisualStudioVersion = 10.0.40219.1
Project("{8BC9CEB8-8B4A-11D0-8D11-00A0C91BC942}") = "SoMacClient", "SoMacClient\SoMacClient.vcxproj", "{1C29D789-BF98-4D51-B01A-A77E98470E34}"
	ProjectSection(ProjectDependencies) = postProject
		{3728DE4C-55E6-4AD7-84FF-FB531264F39C} = {3728DE4C-55E6-4AD7-84FF-FB531264F39C}
	EndProjectSection
EndProject
Project("{8BC9CEB8-8B4A-11D0-8D11-00A0C91BC942}") = "SoMacEngine", "SoMacEngine\SoMacEngine.vcxproj", "{3728DE4C-55E6-4AD7-84FF-FB531264F39C}"
EndProject
Project("{8BC9CEB8-8B4A-11D0-8D11-00A0C91BC942}") = "SoMacTool", "SoMacTool\SoMacTool.vcxproj", "{E1E878B7-76D1-449E-9DB2-9AC8891BD317}"
EndProject
Global
	GlobalSection(SolutionConfigurationPlatforms) = preSolution
		Debug|x64 = Debug|x64
		Debug|x86 = Debug|x86
		Release|x64 = Release|x64
		Release|x86 = Release|x86
	EndGlobalSection
	GlobalSection(ProjectConfigurationPlatforms) = postSolution
		{1C29D789-BF98-4D51-B01A-A77E98470E34}.Debug|x64.ActiveCfg = Debug|x64
		{1C29D789-BF98-4D51-B01A-A77E98470E34}.Debug|x64.Build.0 = Debug|x64
		{1C29D789-BF98-4D51-B01A-A77E98470E34}.Debug|x86.ActiveCfg = Debug|Win32
		{1C29D789-BF98-4D51-B01A-A77E98470E34}.Debug|x86.Build.0 = Debug|Win32
		{1C29D789-BF98-4D51-B01A-A77E98470E34}.Release|x64.ActiveCfg = Release|x64
		{1C29D789-BF98-4D51-B01A-A77E98470E34}.Release|x64.Build.0 = Release|x64
		{1C29D789-BF98-4D51-B01A-A77E98470E34}.Release|x86.ActiveCfg = Release|Win32
		{1C29D789-BF98-4D51-B01A-A77E98470E34}.Release|x86.Build.0 = Release|Win32
		{3728DE4C-55E6-4AD7-84FF-FB531264F39C}.Debug|x64.ActiveCfg = Debug|x64
		{3728DE4C-55E6-4AD7-84FF-FB531264F39C}.Debug|x64.Build.0 = Debug|x64
		{3728DE4C-55E6-4AD7-84FF-FB531264F39C}.Debug|x86.ActiveCfg = Debug|Win32
		{3728DE4C-55E6-4AD7-84FF-FB531264F39C}.Debug|x86.Build.0 = Debug|Win32
		{3728DE4C-55E6-4AD7-84FF-FB531264F39C}.Release|x64.ActiveCfg = Release|x64
		{3728DE4C-55E6-4AD7-84FF-FB531264F39C}.Release|x64.Build.0 = Release|x64
		{3728DE4C-55E6-4AD7-84FF-FB531264F39C}.Release|x86.ActiveCfg = Release|Win32
		{3728DE4C-55E6-4AD7-84FF-FB531264F39C}.Release|x86.Build.0 = Release|Win32
		{E1E878B7-76D1-449E-9DB2-9AC8891BD317}.Debug|x64.ActiveCfg = Debug|x64
		{E1E878B7-76D1-449E-9DB2-9AC8891BD317}.Debug|x64.Build.0 = Debug|x64
		{E1E878B7-76D1-449E-9DB2-9AC8891BD317}.Debug|x86.ActiveCfg = Debug|Win32
		{E1E878B7-76D1-449E-9DB2-9AC8891BD317}.Debug|x86.Build.0 = Debug|Win32
		{E1E878B7-76D1-449E-9DB2-9AC8891BD317}.Release|x64.ActiveCfg = Release|x64
		{E1E878B7-76D1-449E-9DB2-9AC8891BD317}.Release|x64.Build.0 = Release|x64
		{E1E878B7-76D1-449E-9DB2-9AC8891BD317}.Release|x86.ActiveCfg = Release|Win32
		{E1E878B7-76D1-449E-9DB2-9AC8891BD317}.Release|x86.Build.0 = Release|Win32
	EndGlobalSection
	GlobalSection(SolutionProperties) = preSolution
		HideSolutionNode = FALSE
	EndGlobalSection
EndGlobal
