<?xml version="1.0" encoding="utf-8"?>
<Project ToolsVersion="4.0" xmlns="http://schemas.microsoft.com/developer/msbuild/2003">
  <ItemGroup>
    <Filter Include="Source Files">
      <UniqueIdentifier>{4FC737F1-C7A5-4376-A066-2A32D752A2FF}</UniqueIdentifier>
      <Extensions>cpp;c;cc;cxx;def;odl;idl;hpj;bat;asm;asmx</Extensions>
    </Filter>
    <Filter Include="Resource Files">
      <UniqueIdentifier>{67DA6AB6-F800-4c08-8B7A-83BB121AAD01}</UniqueIdentifier>
      <Extensions>rc;ico;cur;bmp;dlg;rc2;rct;bin;rgs;gif;jpg;jpeg;jpe;resx;tiff;tif;png;wav;mfcribbon-ms</Extensions>
    </Filter>
    <Filter Include="01. App">
      <UniqueIdentifier>{875034d2-1837-4be5-a364-75461d6b6cf6}</UniqueIdentifier>
    </Filter>
    <Filter Include="02. MainFrame">
      <UniqueIdentifier>{92734559-3e4f-449c-9705-7eb2b79f4a25}</UniqueIdentifier>
    </Filter>
    <Filter Include="03. Window">
      <UniqueIdentifier>{1331d60d-31d1-4f75-9817-e888b7d45c1f}</UniqueIdentifier>
    </Filter>
    <Filter Include="04. View">
      <UniqueIdentifier>{45a8176a-ba6e-4828-a83a-b0c591c3c056}</UniqueIdentifier>
    </Filter>
    <Filter Include="04. View\01. GameView">
      <UniqueIdentifier>{fdc09f63-869c-4a26-8e7b-8f7addbe3e08}</UniqueIdentifier>
    </Filter>
    <Filter Include="04. View\02. HierachyView">
      <UniqueIdentifier>{da78aaf8-da62-40d7-bd0e-ed76414f4e7f}</UniqueIdentifier>
    </Filter>
    <Filter Include="04. View\03. ComponentView">
      <UniqueIdentifier>{ba5eb433-cda3-4e24-accc-d775bdb62b36}</UniqueIdentifier>
    </Filter>
    <Filter Include="04. View\04. ButtonView">
      <UniqueIdentifier>{2ea4ceff-c87c-46bb-91f2-c0b83b5a0825}</UniqueIdentifier>
    </Filter>
    <Filter Include="04. View\05. DebugVIew">
      <UniqueIdentifier>{d2af4be3-60b0-4f43-9713-db2f17aa7d1f}</UniqueIdentifier>
    </Filter>
    <Filter Include="Header Files">
      <UniqueIdentifier>{93995380-89BD-4b04-88EB-625FBE52EBFB}</UniqueIdentifier>
      <Extensions>h;hh;hpp;hxx;hm;inl;inc;xsd</Extensions>
    </Filter>
    <Filter Include="04. View\03. ComponentView\ComponentDlg">
      <UniqueIdentifier>{03ca3a03-b676-41cd-b51f-7edc537437e1}</UniqueIdentifier>
    </Filter>
    <Filter Include="04. View\03. ComponentView\ComponentDlg\01. TransformDlg">
      <UniqueIdentifier>{270a6f30-6426-4fa5-910d-9bc462e2c4f0}</UniqueIdentifier>
    </Filter>
    <Filter Include="04. View\03. ComponentView\ComponentDlg\03. ColliderDlg">
      <UniqueIdentifier>{6b69e088-3dfa-4130-9917-8f91d3d39b69}</UniqueIdentifier>
    </Filter>
    <Filter Include="04. View\03. ComponentView\ComponentDlg\04. AnimatorDlg">
      <UniqueIdentifier>{f6da3672-863b-45d5-9902-f228e00f4f5b}</UniqueIdentifier>
    </Filter>
    <Filter Include="04. View\03. ComponentView\ComponentDlg\05. CameraDlg">
      <UniqueIdentifier>{8548675b-cc0f-432c-8838-359b3bf77a83}</UniqueIdentifier>
    </Filter>
    <Filter Include="04. View\03. ComponentView\ComponentDlg\02. MeshRendererDlg">
      <UniqueIdentifier>{caa5e01a-2a2f-408c-9c7f-87610da9cd1f}</UniqueIdentifier>
    </Filter>
    <Filter Include="05. Dialog">
      <UniqueIdentifier>{e753e15b-aa2b-471e-b9e3-2bce2e857f7d}</UniqueIdentifier>
    </Filter>
    <Filter Include="05. Dialog\01. ListDlg">
      <UniqueIdentifier>{86cea1a8-5bfa-433e-9498-355d34bda8b3}</UniqueIdentifier>
    </Filter>
    <Filter Include="05. Dialog\02. Add2DAnimDlg">
      <UniqueIdentifier>{c96d52ff-2e10-482c-a497-48bb7e55afde}</UniqueIdentifier>
    </Filter>
  </ItemGroup>
  <ItemGroup>
    <Text Include="ReadMe.txt" />
  </ItemGroup>
  <ItemGroup>
    <ClInclude Include="stdafx.h">
      <Filter>Header Files</Filter>
    </ClInclude>
    <ClInclude Include="targetver.h">
      <Filter>Header Files</Filter>
    </ClInclude>
    <ClInclude Include="Resource.h">
      <Filter>Header Files</Filter>
    </ClInclude>
    <ClInclude Include="SoMacTool.h">
      <Filter>01. App</Filter>
    </ClInclude>
    <ClInclude Include="MainFrm.h">
      <Filter>02. MainFrame</Filter>
    </ClInclude>
    <ClInclude Include="MySplitterWnd.h">
      <Filter>03. Window</Filter>
    </ClInclude>
    <ClInclude Include="ButtonView.h">
      <Filter>04. View\04. ButtonView</Filter>
    </ClInclude>
    <ClInclude Include="ComponentView.h">
      <Filter>04. View\03. ComponentView</Filter>
    </ClInclude>
    <ClInclude Include="HierachyView.h">
      <Filter>04. View\02. HierachyView</Filter>
    </ClInclude>
    <ClInclude Include="DebugView.h">
      <Filter>04. View\05. DebugVIew</Filter>
    </ClInclude>
    <ClInclude Include="GameView.h">
      <Filter>04. View\01. GameView</Filter>
    </ClInclude>
    <ClInclude Include="CameraDlg.h">
      <Filter>04. View\03. ComponentView\ComponentDlg\05. CameraDlg</Filter>
    </ClInclude>
    <ClInclude Include="ColliderDlg.h">
      <Filter>04. View\03. ComponentView\ComponentDlg\03. ColliderDlg</Filter>
    </ClInclude>
    <ClInclude Include="TransformDlg.h">
      <Filter>04. View\03. ComponentView\ComponentDlg\01. TransformDlg</Filter>
    </ClInclude>
    <ClInclude Include="ComponentDlg.h">
      <Filter>04. View\03. ComponentView\ComponentDlg</Filter>
    </ClInclude>
    <ClInclude Include="MeshRendererDlg.h">
      <Filter>04. View\03. ComponentView\ComponentDlg\02. MeshRendererDlg</Filter>
    </ClInclude>
    <ClInclude Include="ListDlg.h">
      <Filter>05. Dialog\01. ListDlg</Filter>
    </ClInclude>
    <ClInclude Include="AnimatorDlg.h">
      <Filter>04. View\03. ComponentView\ComponentDlg\04. AnimatorDlg</Filter>
    </ClInclude>
    <ClInclude Include="Add2DAnimDlg.h">
      <Filter>05. Dialog\02. Add2DAnimDlg</Filter>
    </ClInclude>
  </ItemGroup>
  <ItemGroup>
    <ClCompile Include="stdafx.cpp">
      <Filter>Source Files</Filter>
    </ClCompile>
    <ClCompile Include="SoMacTool.cpp">
      <Filter>01. App</Filter>
    </ClCompile>
    <ClCompile Include="MainFrm.cpp">
      <Filter>02. MainFrame</Filter>
    </ClCompile>
    <ClCompile Include="MySplitterWnd.cpp">
      <Filter>03. Window</Filter>
    </ClCompile>
    <ClCompile Include="ButtonView.cpp">
      <Filter>04. View\04. ButtonView</Filter>
    </ClCompile>
    <ClCompile Include="ComponentView.cpp">
      <Filter>04. View\03. ComponentView</Filter>
    </ClCompile>
    <ClCompile Include="HierachyView.cpp">
      <Filter>04. View\02. HierachyView</Filter>
    </ClCompile>
    <ClCompile Include="DebugView.cpp">
      <Filter>04. View\05. DebugVIew</Filter>
    </ClCompile>
    <ClCompile Include="GameView.cpp">
      <Filter>04. View\01. GameView</Filter>
    </ClCompile>
    <ClCompile Include="CameraDlg.cpp">
      <Filter>04. View\03. ComponentView\ComponentDlg\05. CameraDlg</Filter>
    </ClCompile>
    <ClCompile Include="ColliderDlg.cpp">
      <Filter>04. View\03. ComponentView\ComponentDlg\03. ColliderDlg</Filter>
    </ClCompile>
    <ClCompile Include="TransformDlg.cpp">
      <Filter>04. View\03. ComponentView\ComponentDlg\01. TransformDlg</Filter>
    </ClCompile>
    <ClCompile Include="ComponentDlg.cpp">
      <Filter>04. View\03. ComponentView\ComponentDlg</Filter>
    </ClCompile>
    <ClCompile Include="MeshRendererDlg.cpp">
      <Filter>04. View\03. ComponentView\ComponentDlg\02. MeshRendererDlg</Filter>
    </ClCompile>
    <ClCompile Include="ListDlg.cpp">
      <Filter>05. Dialog\01. ListDlg</Filter>
    </ClCompile>
    <ClCompile Include="AnimatorDlg.cpp">
      <Filter>04. View\03. ComponentView\ComponentDlg\04. AnimatorDlg</Filter>
    </ClCompile>
    <ClCompile Include="Add2DAnimDlg.cpp">
      <Filter>05. Dialog\02. Add2DAnimDlg</Filter>
    </ClCompile>
  </ItemGroup>
  <ItemGroup>
    <ResourceCompile Include="SoMacTool.rc">
      <Filter>Resource Files</Filter>
    </ResourceCompile>
  </ItemGroup>
  <ItemGroup>
    <None Include="res\SoMacTool.rc2">
      <Filter>Resource Files</Filter>
    </None>
    <None Include="ClassDiagram.cd" />
  </ItemGroup>
  <ItemGroup>
    <Image Include="res\SoMacTool.ico">
      <Filter>Resource Files</Filter>
    </Image>
  </ItemGroup>
</Project>